
Microsoft Visual Studio Solution File, Format Version 12.00
# Visual Studio Version 16
VisualStudioVersion = 16.0.31702.278
MinimumVisualStudioVersion = 10.0.40219.1
Project("{FAE04EC0-301F-11D3-BF4B-00C04F79EFBC}") = "PrimeiraAPI", "PrimeiraAPI\PrimeiraAPI.csproj", "{77033833-B131-42B7-A701-6CF40397811D}"
EndProject
Global
	GlobalSection(SolutionConfigurationPlatforms) = preSolution
		Debug|Any CPU = Debug|Any CPU
		Release|Any CPU = Release|Any CPU
	EndGlobalSection
	GlobalSection(ProjectConfigurationPlatforms) = postSolution
		{77033833-B131-42B7-A701-6CF40397811D}.Debug|Any CPU.ActiveCfg = Debug|Any CPU
		{77033833-B131-42B7-A701-6CF40397811D}.Debug|Any CPU.Build.0 = Debug|Any CPU
		{77033833-B131-42B7-A701-6CF40397811D}.Release|Any CPU.ActiveCfg = Release|Any CPU
		{77033833-B131-42B7-A701-6CF40397811D}.Release|Any CPU.Build.0 = Release|Any CPU
	EndGlobalSection
	GlobalSection(SolutionProperties) = preSolution
		HideSolutionNode = FALSE
	EndGlobalSection
	GlobalSection(ExtensibilityGlobals) = postSolution
		SolutionGuid = {1D7A8BD4-381A-435B-AA3A-7D157EB74AC8}
	EndGlobalSection
EndGlobal
